
Microsoft Visual Studio Solution File, Format Version 12.00
# Visual Studio 2013
VisualStudioVersion = 12.0.0.0
MinimumVisualStudioVersion = 10.0.0.1
Project("{FAE04EC0-301F-11D3-BF4B-00C04F79EFBC}") = "Day1", "Day1\Day1.csproj", "{9B5A4039-5243-4B8B-AC2C-0129353A48B8}"
EndProject
Project("{FAE04EC0-301F-11D3-BF4B-00C04F79EFBC}") = "Day2", "Day2\Day2.csproj", "{F2D49575-18AB-40E7-8A8D-A6060BF760D7}"
EndProject
Project("{FAE04EC0-301F-11D3-BF4B-00C04F79EFBC}") = "Day3", "Day3\Day3.csproj", "{78312D7F-0EF9-4351-9CAF-23D3B0767AFF}"
EndProject
Project("{FAE04EC0-301F-11D3-BF4B-00C04F79EFBC}") = "Day4", "Day4\Day4.csproj", "{FB536266-77A3-40CA-810F-83D4C6CFE1BC}"
EndProject
Project("{FAE04EC0-301F-11D3-BF4B-00C04F79EFBC}") = "Day5", "Day5\Day5.csproj", "{40E364F3-5A9B-41ED-8DC4-8B257D4EEC81}"
EndProject
Project("{FAE04EC0-301F-11D3-BF4B-00C04F79EFBC}") = "Day6", "Day6\Day6.csproj", "{B6CFFC66-22CD-4832-9372-BB29D1BFB2D6}"
EndProject
Project("{FAE04EC0-301F-11D3-BF4B-00C04F79EFBC}") = "Day15", "Day15\Day15.csproj", "{5660BD42-6A54-4946-A701-0A05EA09C6CC}"
EndProject
Project("{FAE04EC0-301F-11D3-BF4B-00C04F79EFBC}") = "Day16", "Day16\Day16.csproj", "{F892D00F-434D-4B87-BFE9-151FC0571DE1}"
EndProject
Project("{FAE04EC0-301F-11D3-BF4B-00C04F79EFBC}") = "Day8", "Day8\Day8.csproj", "{AAFD5D94-53FC-4E93-8A74-8B188E12791A}"
EndProject
Project("{FAE04EC0-301F-11D3-BF4B-00C04F79EFBC}") = "Day12", "Day12\Day12.csproj", "{7DDB5D5C-C837-4042-971D-992AC42CA173}"
EndProject
Project("{FAE04EC0-301F-11D3-BF4B-00C04F79EFBC}") = "Day9", "Day9\Day9.csproj", "{F232795B-3EE5-4DAB-BDC6-C190EA1C3A49}"
EndProject
Project("{FAE04EC0-301F-11D3-BF4B-00C04F79EFBC}") = "Day7", "Day7\Day7.csproj", "{E5CD76E9-376B-4093-B16C-5FB5363D75CE}"
EndProject
Project("{FAE04EC0-301F-11D3-BF4B-00C04F79EFBC}") = "Day11", "Day11\Day11.csproj", "{38A67777-EFF4-46DA-BA5B-B73B40E4980D}"
EndProject
Project("{FAE04EC0-301F-11D3-BF4B-00C04F79EFBC}") = "Day13", "Day13\Day13.csproj", "{B0A919B7-F6D3-4D6A-BFB8-7554771B31D9}"
EndProject
Project("{FAE04EC0-301F-11D3-BF4B-00C04F79EFBC}") = "Day10", "Day10\Day10.csproj", "{4C27BC0F-0565-4B41-B180-DA495A8F3C9B}"
EndProject
Project("{FAE04EC0-301F-11D3-BF4B-00C04F79EFBC}") = "Day14", "Day14\Day14.csproj", "{E5C39D68-5B93-4961-815C-62600D27BD8E}"
EndProject
Project("{FAE04EC0-301F-11D3-BF4B-00C04F79EFBC}") = "Day17", "Day17\Day17.csproj", "{D00C5ED7-FFE5-4FC5-8BE9-6A31A474901F}"
EndProject
Global
	GlobalSection(SolutionConfigurationPlatforms) = preSolution
		Debug|Any CPU = Debug|Any CPU
		Release|Any CPU = Release|Any CPU
	EndGlobalSection
	GlobalSection(ProjectConfigurationPlatforms) = postSolution
		{9B5A4039-5243-4B8B-AC2C-0129353A48B8}.Debug|Any CPU.ActiveCfg = Debug|Any CPU
		{9B5A4039-5243-4B8B-AC2C-0129353A48B8}.Debug|Any CPU.Build.0 = Debug|Any CPU
		{9B5A4039-5243-4B8B-AC2C-0129353A48B8}.Release|Any CPU.ActiveCfg = Release|Any CPU
		{9B5A4039-5243-4B8B-AC2C-0129353A48B8}.Release|Any CPU.Build.0 = Release|Any CPU
		{F2D49575-18AB-40E7-8A8D-A6060BF760D7}.Debug|Any CPU.ActiveCfg = Debug|Any CPU
		{F2D49575-18AB-40E7-8A8D-A6060BF760D7}.Debug|Any CPU.Build.0 = Debug|Any CPU
		{F2D49575-18AB-40E7-8A8D-A6060BF760D7}.Release|Any CPU.ActiveCfg = Release|Any CPU
		{F2D49575-18AB-40E7-8A8D-A6060BF760D7}.Release|Any CPU.Build.0 = Release|Any CPU
		{78312D7F-0EF9-4351-9CAF-23D3B0767AFF}.Debug|Any CPU.ActiveCfg = Debug|Any CPU
		{78312D7F-0EF9-4351-9CAF-23D3B0767AFF}.Debug|Any CPU.Build.0 = Debug|Any CPU
		{78312D7F-0EF9-4351-9CAF-23D3B0767AFF}.Release|Any CPU.ActiveCfg = Release|Any CPU
		{78312D7F-0EF9-4351-9CAF-23D3B0767AFF}.Release|Any CPU.Build.0 = Release|Any CPU
		{FB536266-77A3-40CA-810F-83D4C6CFE1BC}.Debug|Any CPU.ActiveCfg = Debug|Any CPU
		{FB536266-77A3-40CA-810F-83D4C6CFE1BC}.Debug|Any CPU.Build.0 = Debug|Any CPU
		{FB536266-77A3-40CA-810F-83D4C6CFE1BC}.Release|Any CPU.ActiveCfg = Release|Any CPU
		{FB536266-77A3-40CA-810F-83D4C6CFE1BC}.Release|Any CPU.Build.0 = Release|Any CPU
		{40E364F3-5A9B-41ED-8DC4-8B257D4EEC81}.Debug|Any CPU.ActiveCfg = Debug|Any CPU
		{40E364F3-5A9B-41ED-8DC4-8B257D4EEC81}.Debug|Any CPU.Build.0 = Debug|Any CPU
		{40E364F3-5A9B-41ED-8DC4-8B257D4EEC81}.Release|Any CPU.ActiveCfg = Release|Any CPU
		{40E364F3-5A9B-41ED-8DC4-8B257D4EEC81}.Release|Any CPU.Build.0 = Release|Any CPU
		{B6CFFC66-22CD-4832-9372-BB29D1BFB2D6}.Debug|Any CPU.ActiveCfg = Debug|Any CPU
		{B6CFFC66-22CD-4832-9372-BB29D1BFB2D6}.Debug|Any CPU.Build.0 = Debug|Any CPU
		{B6CFFC66-22CD-4832-9372-BB29D1BFB2D6}.Release|Any CPU.ActiveCfg = Release|Any CPU
		{B6CFFC66-22CD-4832-9372-BB29D1BFB2D6}.Release|Any CPU.Build.0 = Release|Any CPU
		{5660BD42-6A54-4946-A701-0A05EA09C6CC}.Debug|Any CPU.ActiveCfg = Debug|Any CPU
		{5660BD42-6A54-4946-A701-0A05EA09C6CC}.Debug|Any CPU.Build.0 = Debug|Any CPU
		{5660BD42-6A54-4946-A701-0A05EA09C6CC}.Release|Any CPU.ActiveCfg = Release|Any CPU
		{5660BD42-6A54-4946-A701-0A05EA09C6CC}.Release|Any CPU.Build.0 = Release|Any CPU
		{F892D00F-434D-4B87-BFE9-151FC0571DE1}.Debug|Any CPU.ActiveCfg = Debug|Any CPU
		{F892D00F-434D-4B87-BFE9-151FC0571DE1}.Debug|Any CPU.Build.0 = Debug|Any CPU
		{F892D00F-434D-4B87-BFE9-151FC0571DE1}.Release|Any CPU.ActiveCfg = Release|Any CPU
		{F892D00F-434D-4B87-BFE9-151FC0571DE1}.Release|Any CPU.Build.0 = Release|Any CPU
		{AAFD5D94-53FC-4E93-8A74-8B188E12791A}.Debug|Any CPU.ActiveCfg = Debug|Any CPU
		{AAFD5D94-53FC-4E93-8A74-8B188E12791A}.Debug|Any CPU.Build.0 = Debug|Any CPU
		{AAFD5D94-53FC-4E93-8A74-8B188E12791A}.Release|Any CPU.ActiveCfg = Release|Any CPU
		{AAFD5D94-53FC-4E93-8A74-8B188E12791A}.Release|Any CPU.Build.0 = Release|Any CPU
		{7DDB5D5C-C837-4042-971D-992AC42CA173}.Debug|Any CPU.ActiveCfg = Debug|Any CPU
		{7DDB5D5C-C837-4042-971D-992AC42CA173}.Debug|Any CPU.Build.0 = Debug|Any CPU
		{7DDB5D5C-C837-4042-971D-992AC42CA173}.Release|Any CPU.ActiveCfg = Release|Any CPU
		{7DDB5D5C-C837-4042-971D-992AC42CA173}.Release|Any CPU.Build.0 = Release|Any CPU
		{F232795B-3EE5-4DAB-BDC6-C190EA1C3A49}.Debug|Any CPU.ActiveCfg = Debug|Any CPU
		{F232795B-3EE5-4DAB-BDC6-C190EA1C3A49}.Debug|Any CPU.Build.0 = Debug|Any CPU
		{F232795B-3EE5-4DAB-BDC6-C190EA1C3A49}.Release|Any CPU.ActiveCfg = Release|Any CPU
		{F232795B-3EE5-4DAB-BDC6-C190EA1C3A49}.Release|Any CPU.Build.0 = Release|Any CPU
		{E5CD76E9-376B-4093-B16C-5FB5363D75CE}.Debug|Any CPU.ActiveCfg = Debug|Any CPU
		{E5CD76E9-376B-4093-B16C-5FB5363D75CE}.Debug|Any CPU.Build.0 = Debug|Any CPU
		{E5CD76E9-376B-4093-B16C-5FB5363D75CE}.Release|Any CPU.ActiveCfg = Release|Any CPU
		{E5CD76E9-376B-4093-B16C-5FB5363D75CE}.Release|Any CPU.Build.0 = Release|Any CPU
		{38A67777-EFF4-46DA-BA5B-B73B40E4980D}.Debug|Any CPU.ActiveCfg = Debug|Any CPU
		{38A67777-EFF4-46DA-BA5B-B73B40E4980D}.Debug|Any CPU.Build.0 = Debug|Any CPU
		{38A67777-EFF4-46DA-BA5B-B73B40E4980D}.Release|Any CPU.ActiveCfg = Release|Any CPU
		{38A67777-EFF4-46DA-BA5B-B73B40E4980D}.Release|Any CPU.Build.0 = Release|Any CPU
		{B0A919B7-F6D3-4D6A-BFB8-7554771B31D9}.Debug|Any CPU.ActiveCfg = Debug|Any CPU
		{B0A919B7-F6D3-4D6A-BFB8-7554771B31D9}.Debug|Any CPU.Build.0 = Debug|Any CPU
		{B0A919B7-F6D3-4D6A-BFB8-7554771B31D9}.Release|Any CPU.ActiveCfg = Release|Any CPU
		{B0A919B7-F6D3-4D6A-BFB8-7554771B31D9}.Release|Any CPU.Build.0 = Release|Any CPU
		{4C27BC0F-0565-4B41-B180-DA495A8F3C9B}.Debug|Any CPU.ActiveCfg = Debug|Any CPU
		{4C27BC0F-0565-4B41-B180-DA495A8F3C9B}.Debug|Any CPU.Build.0 = Debug|Any CPU
		{4C27BC0F-0565-4B41-B180-DA495A8F3C9B}.Release|Any CPU.ActiveCfg = Release|Any CPU
		{4C27BC0F-0565-4B41-B180-DA495A8F3C9B}.Release|Any CPU.Build.0 = Release|Any CPU
		{E5C39D68-5B93-4961-815C-62600D27BD8E}.Debug|Any CPU.ActiveCfg = Debug|Any CPU
		{E5C39D68-5B93-4961-815C-62600D27BD8E}.Debug|Any CPU.Build.0 = Debug|Any CPU
		{E5C39D68-5B93-4961-815C-62600D27BD8E}.Release|Any CPU.ActiveCfg = Release|Any CPU
		{E5C39D68-5B93-4961-815C-62600D27BD8E}.Release|Any CPU.Build.0 = Release|Any CPU
		{D00C5ED7-FFE5-4FC5-8BE9-6A31A474901F}.Debug|Any CPU.ActiveCfg = Debug|Any CPU
		{D00C5ED7-FFE5-4FC5-8BE9-6A31A474901F}.Debug|Any CPU.Build.0 = Debug|Any CPU
		{D00C5ED7-FFE5-4FC5-8BE9-6A31A474901F}.Release|Any CPU.ActiveCfg = Release|Any CPU
		{D00C5ED7-FFE5-4FC5-8BE9-6A31A474901F}.Release|Any CPU.Build.0 = Release|Any CPU
	EndGlobalSection
	GlobalSection(SolutionProperties) = preSolution
		HideSolutionNode = FALSE
	EndGlobalSection
EndGlobal
